Microsoft Visual Studio Solution File, Format Version 12.00
# Visual Studio 2013
VisualStudioVersion = 12.0.0.0
MinimumVisualStudioVersion = 10.0.0.1
Project("{FAE04EC0-301F-11D3-BF4B-00C04F79EFBC}") = "Nakama", "Nakama\Nakama.csproj", "{36E87F50-1D34-4898-9BDA-F2E80CD6B25E}"
EndProject
Project("{FAE04EC0-301F-11D3-BF4B-00C04F79EFBC}") = "Nakama.Tests", "Nakama.Tests\Nakama.Tests.csproj", "{1C1F4598-72F6-4478-AD9C-7035F93A878A}"
EndProject
Global
	GlobalSection(SolutionConfigurationPlatforms) = preSolution
		Debug|Any CPU = Debug|Any CPU
		Release|Any CPU = Release|Any CPU
	EndGlobalSection
	GlobalSection(ProjectConfigurationPlatforms) = postSolution
		{36E87F50-1D34-4898-9BDA-F2E80CD6B25E}.Debug|Any CPU.ActiveCfg = Debug|Any CPU
		{36E87F50-1D34-4898-9BDA-F2E80CD6B25E}.Debug|Any CPU.Build.0 = Debug|Any CPU
		{36E87F50-1D34-4898-9BDA-F2E80CD6B25E}.Release|Any CPU.ActiveCfg = Release|Any CPU
		{36E87F50-1D34-4898-9BDA-F2E80CD6B25E}.Release|Any CPU.Build.0 = Release|Any CPU
		{1C1F4598-72F6-4478-AD9C-7035F93A878A}.Debug|Any CPU.ActiveCfg = Debug|Any CPU
		{1C1F4598-72F6-4478-AD9C-7035F93A878A}.Debug|Any CPU.Build.0 = Debug|Any CPU
		{1C1F4598-72F6-4478-AD9C-7035F93A878A}.Release|Any CPU.ActiveCfg = Release|Any CPU
		{1C1F4598-72F6-4478-AD9C-7035F93A878A}.Release|Any CPU.Build.0 = Release|Any CPU
	EndGlobalSection
	GlobalSection(SolutionProperties) = preSolution
		HideSolutionNode = FALSE
	EndGlobalSection
EndGlobal
